
Microsoft Visual Studio Solution File, Format Version 12.00
# Visual Studio Version 17
VisualStudioVersion = 17.10.35027.167
MinimumVisualStudioVersion = 10.0.40219.1
Project("{2150E333-8FDC-42A3-9474-1A3956D46DE8}") = "Solution Items", "Solution Items", "{827E9055-5A83-4FB6-8B7A-7165049DDB40}"
	ProjectSection(SolutionItems) = preProject
		README.md = README.md
	EndProjectSection
EndProject
Project("{2150E333-8FDC-42A3-9474-1A3956D46DE8}") = "Conhecendo a linguagem", "Conhecendo a linguagem", "{0955FCE6-D2F0-4D79-B2CB-A94C784BE460}"
EndProject
Project("{2150E333-8FDC-42A3-9474-1A3956D46DE8}") = "01-C++Conhecendo a linguagem e a STL", "01-C++Conhecendo a linguagem e a STL", "{2FFA793E-16BE-419E-9C5F-4C06531193FA}"
EndProject
Project("{2150E333-8FDC-42A3-9474-1A3956D46DE8}") = "02-Avançando com C++ entenda melhor a linguagem", "02-Avançando com C++ entenda melhor a linguagem", "{30DD1FCB-ADD2-4C39-B346-D5C70B9D8FDF}"
EndProject
Project("{8BC9CEB8-8B4A-11D0-8D11-00A0C91BC942}") = "01-Começando com a linguagem", "Conhecendo a linguagem\01-C++Conhecendo a linguagem e a STL\01-Começando com a linguagem\01-Começando com a linguagem.vcxproj", "{4E53A788-235F-4B77-96AF-C8BCAD9D0DFA}"
EndProject
Project("{8BC9CEB8-8B4A-11D0-8D11-00A0C91BC942}") = "02-Verificando as tentativas", "Conhecendo a linguagem\01-C++Conhecendo a linguagem e a STL\02-Verificando as tentativas\02-Verificando as tentativas.vcxproj", "{A628D14E-8262-4D41-94F9-E4DE7A696E2C}"
EndProject
Project("{8BC9CEB8-8B4A-11D0-8D11-00A0C91BC942}") = "03-Adicionando pontuação ao jogo", "Conhecendo a linguagem\01-C++Conhecendo a linguagem e a STL\03-Adicionando pontuação ao jogo\03-Adicionando pontuação ao jogo.vcxproj", "{77F32184-3BF9-4797-BD85-064E889AD455}"
EndProject
Project("{8BC9CEB8-8B4A-11D0-8D11-00A0C91BC942}") = "04-Finalizando o jogo da adivinhação", "Conhecendo a linguagem\01-C++Conhecendo a linguagem e a STL\04-Finalizando o jogo da adivinhação\04-Finalizando o jogo da adivinhação.vcxproj", "{137DC3FB-EC04-4998-A1FD-F61591808148}"
EndProject
Project("{8BC9CEB8-8B4A-11D0-8D11-00A0C91BC942}") = "05-Iniciando o jogo da forca", "Conhecendo a linguagem\01-C++Conhecendo a linguagem e a STL\05-Iniciando o jogo da forca\05-Iniciando o jogo da forca.vcxproj", "{81E162FC-45F2-4777-97A4-B4FAD98BEEB9}"
EndProject
Project("{8BC9CEB8-8B4A-11D0-8D11-00A0C91BC942}") = "06-Criando a condição de final de jogo", "Conhecendo a linguagem\01-C++Conhecendo a linguagem e a STL\06-Criando a condição de final de jogo\06-Criando a condição de final de jogo.vcxproj", "{481611CC-8DCE-43F8-BA1D-159942828595}"
EndProject
Project("{8BC9CEB8-8B4A-11D0-8D11-00A0C91BC942}") = "07-Finalizando o jogo da forca", "Conhecendo a linguagem\01-C++Conhecendo a linguagem e a STL\07-Finalizando o jogo da forca\07-Finalizando o jogo da forca.vcxproj", "{D2A87C5D-8F68-4F30-9A15-AE4269D87FFE}"
EndProject
Project("{8BC9CEB8-8B4A-11D0-8D11-00A0C91BC942}") = "01-Organizando o projeto", "Conhecendo a linguagem\02-Avançando com C++ entenda melhor a linguagem\01-Organizando o projeto\01-Organizando o projeto.vcxproj", "{18892F0F-DFFF-498E-873C-439AD97E0BE8}"
EndProject
Project("{8BC9CEB8-8B4A-11D0-8D11-00A0C91BC942}") = "02-Processo de compilação", "Conhecendo a linguagem\02-Avançando com C++ entenda melhor a linguagem\02-Processo de compilação\02-Processo de compilação.vcxproj", "{224B6748-9AD2-40CF-9D68-A5D3E316B12B}"
EndProject
Project("{8BC9CEB8-8B4A-11D0-8D11-00A0C91BC942}") = "03-Ambiente profissional", "Conhecendo a linguagem\02-Avançando com C++ entenda melhor a linguagem\03-Ambiente profissional\03-Ambiente profissional.vcxproj", "{D0FB4B7E-1AF1-4575-BE9F-2F9212945E8A}"
EndProject
Project("{8BC9CEB8-8B4A-11D0-8D11-00A0C91BC942}") = "04-Recursos da linguagem", "Conhecendo a linguagem\02-Avançando com C++ entenda melhor a linguagem\04-Recursos da linguagem\04-Recursos da linguagem.vcxproj", "{959110D7-6EA8-42D1-8841-8E45D0357419}"
EndProject
Project("{8BC9CEB8-8B4A-11D0-8D11-00A0C91BC942}") = "05-Limitando o acesso", "Conhecendo a linguagem\02-Avançando com C++ entenda melhor a linguagem\05-Limitando o acesso\05-Limitando o acesso.vcxproj", "{AE1C7335-099F-4196-AA5C-8F5E274F834C}"
EndProject
Project("{2150E333-8FDC-42A3-9474-1A3956D46DE8}") = "Aprendendo Orientação a Objeticos com C++", "Aprendendo Orientação a Objeticos com C++", "{4C75ADED-5F35-44AD-8A1E-8CBBBCDD75E6}"
EndProject
Project("{2150E333-8FDC-42A3-9474-1A3956D46DE8}") = "01-Classes, métodos e atributos", "01-Classes, métodos e atributos", "{F6E7DD95-BFB5-4A12-859A-C73E1D35CEB0}"
EndProject
Project("{2150E333-8FDC-42A3-9474-1A3956D46DE8}") = "02-Trabalhando com herança", "02-Trabalhando com herança", "{1C5CEA73-B843-4020-A067-BCEDE5AFABD0}"
EndProject
Project("{2150E333-8FDC-42A3-9474-1A3956D46DE8}") = "03-Enum, templates e mais recursos", "03-Enum, templates e mais recursos", "{E63EC186-1AF1-4CF3-995A-474310F6F968}"
EndProject
Project("{8BC9CEB8-8B4A-11D0-8D11-00A0C91BC942}") = "01-Introdução à herança", "Aprendendo Orientação a Objeticos com C++\02-Trabalhando com herança\01-Introdução à herança\01-Introdução à herança.vcxproj", "{258A9D24-0451-496E-ADD6-0B96EB111D70}"
EndProject
Project("{8BC9CEB8-8B4A-11D0-8D11-00A0C91BC942}") = "02-Praticando herança", "Aprendendo Orientação a Objeticos com C++\02-Trabalhando com herança\02-Praticando herança\02-Praticando herança.vcxproj", "{399CBD2D-346B-4EDE-AEC1-789B230F6175}"
EndProject
Project("{8BC9CEB8-8B4A-11D0-8D11-00A0C91BC942}") = "03-Métodos virtuais", "Aprendendo Orientação a Objeticos com C++\02-Trabalhando com herança\03-Métodos virtuais\03-Métodos virtuais.vcxproj", "{7FC8FA96-F7CD-42B2-B5C5-867F903C65C8}"
EndProject
Project("{8BC9CEB8-8B4A-11D0-8D11-00A0C91BC942}") = "04-Usando abstrações", "Aprendendo Orientação a Objeticos com C++\02-Trabalhando com herança\04-Usando abstrações\04-Usando abstrações.vcxproj", "{B21C653A-B78A-423F-9D12-F8789CBA4D8A}"
EndProject
Project("{8BC9CEB8-8B4A-11D0-8D11-00A0C91BC942}") = "05-Entendo o polimorfismo", "Aprendendo Orientação a Objeticos com C++\02-Trabalhando com herança\05-Entendo o polimorfismo\05-Entendo o polimorfismo.vcxproj", "{FC140187-81A0-4883-9805-B00C84799346}"
EndProject
Project("{8BC9CEB8-8B4A-11D0-8D11-00A0C91BC942}") = "06-Herança múltipla", "Aprendendo Orientação a Objeticos com C++\02-Trabalhando com herança\06-Herança múltipla\06-Herança múltipla.vcxproj", "{A8D9F25C-F573-4C1B-AB39-7ACB64F52F04}"
EndProject
Project("{8BC9CEB8-8B4A-11D0-8D11-00A0C91BC942}") = "01-Conhecendo o projeto", "Aprendendo Orientação a Objeticos com C++\01-Classes, métodos e atributos\01-Conhecendo o projeto\01-Conhecendo o projeto.vcxproj", "{5242C046-9CE3-4E31-9A4B-61775732AD4F}"
EndProject
Project("{8BC9CEB8-8B4A-11D0-8D11-00A0C91BC942}") = "02-Definindo os comportamentos", "Aprendendo Orientação a Objeticos com C++\01-Classes, métodos e atributos\02-Definindo os comportamentos\02-Definindo os comportamentos.vcxproj", "{FAA7AD30-C9EE-43B3-A2BD-445092AC239E}"
EndProject
Project("{8BC9CEB8-8B4A-11D0-8D11-00A0C91BC942}") = "03-Protegendo os dados", "Aprendendo Orientação a Objeticos com C++\01-Classes, métodos e atributos\03-Protegendo os dados\03-Protegendo os dados.vcxproj", "{7A527A18-D0CC-41DE-BD6A-1981928DF56F}"
EndProject
Project("{8BC9CEB8-8B4A-11D0-8D11-00A0C91BC942}") = "04-Construtores", "Aprendendo Orientação a Objeticos com C++\01-Classes, métodos e atributos\04-Construtores\04-Construtores.vcxproj", "{C8309030-1659-4F46-AAA3-581EC9CFFB07}"
EndProject
Project("{8BC9CEB8-8B4A-11D0-8D11-00A0C91BC942}") = "05-Mais sobre métodos", "Aprendendo Orientação a Objeticos com C++\01-Classes, métodos e atributos\05-Mais sobre métodos\05-Mais sobre métodos.vcxproj", "{0712D1BD-8BAC-49D6-9471-3B949F0DBB9B}"
EndProject
Project("{8BC9CEB8-8B4A-11D0-8D11-00A0C91BC942}") = "06-Composição de objetos", "Aprendendo Orientação a Objeticos com C++\01-Classes, métodos e atributos\06-Composição de objetos\06-Composição de objetos.vcxproj", "{68F0B2D5-DEA7-4E51-9D1F-53D60963C57E}"
EndProject
Project("{8BC9CEB8-8B4A-11D0-8D11-00A0C91BC942}") = "01-Enums", "Aprendendo Orientação a Objeticos com C++\03-Enum, templates e mais recursos\01-Enums\01-Enums.vcxproj", "{81B98554-2C29-4C04-BFF4-CE179F213CB6}"
EndProject
Project("{8BC9CEB8-8B4A-11D0-8D11-00A0C91BC942}") = "02-Operator overload", "Aprendendo Orientação a Objeticos com C++\03-Enum, templates e mais recursos\02-Operator overload\02-Operator overload.vcxproj", "{665ED1F2-B929-4A7A-B438-D5C23874F7D3}"
EndProject
Project("{8BC9CEB8-8B4A-11D0-8D11-00A0C91BC942}") = "03-Múltiplos tipos", "Aprendendo Orientação a Objeticos com C++\03-Enum, templates e mais recursos\03-Múltiplos tipos\03-Múltiplos tipos.vcxproj", "{600CF11C-28CD-4093-A1D1-922286A1589F}"
EndProject
Project("{8BC9CEB8-8B4A-11D0-8D11-00A0C91BC942}") = "04-Templates", "Aprendendo Orientação a Objeticos com C++\03-Enum, templates e mais recursos\04-Templates\04-Templates.vcxproj", "{2A439AC1-217F-4670-B8C9-2C3562073D63}"
EndProject
Project("{8BC9CEB8-8B4A-11D0-8D11-00A0C91BC942}") = "05-Valores em templates", "Aprendendo Orientação a Objeticos com C++\03-Enum, templates e mais recursos\05-Valores em templates\05-Valores em templates.vcxproj", "{F3368472-8D0E-4D6E-90EC-39EABB52BC20}"
EndProject
Global
	GlobalSection(SolutionConfigurationPlatforms) = preSolution
		Debug|x64 = Debug|x64
		Debug|x86 = Debug|x86
		Release|x64 = Release|x64
		Release|x86 = Release|x86
	EndGlobalSection
	GlobalSection(ProjectConfigurationPlatforms) = postSolution
		{4E53A788-235F-4B77-96AF-C8BCAD9D0DFA}.Debug|x64.ActiveCfg = Debug|x64
		{4E53A788-235F-4B77-96AF-C8BCAD9D0DFA}.Debug|x64.Build.0 = Debug|x64
		{4E53A788-235F-4B77-96AF-C8BCAD9D0DFA}.Debug|x86.ActiveCfg = Debug|Win32
		{4E53A788-235F-4B77-96AF-C8BCAD9D0DFA}.Debug|x86.Build.0 = Debug|Win32
		{4E53A788-235F-4B77-96AF-C8BCAD9D0DFA}.Release|x64.ActiveCfg = Release|x64
		{4E53A788-235F-4B77-96AF-C8BCAD9D0DFA}.Release|x64.Build.0 = Release|x64
		{4E53A788-235F-4B77-96AF-C8BCAD9D0DFA}.Release|x86.ActiveCfg = Release|Win32
		{4E53A788-235F-4B77-96AF-C8BCAD9D0DFA}.Release|x86.Build.0 = Release|Win32
		{A628D14E-8262-4D41-94F9-E4DE7A696E2C}.Debug|x64.ActiveCfg = Debug|x64
		{A628D14E-8262-4D41-94F9-E4DE7A696E2C}.Debug|x64.Build.0 = Debug|x64
		{A628D14E-8262-4D41-94F9-E4DE7A696E2C}.Debug|x86.ActiveCfg = Debug|Win32
		{A628D14E-8262-4D41-94F9-E4DE7A696E2C}.Debug|x86.Build.0 = Debug|Win32
		{A628D14E-8262-4D41-94F9-E4DE7A696E2C}.Release|x64.ActiveCfg = Release|x64
		{A628D14E-8262-4D41-94F9-E4DE7A696E2C}.Release|x64.Build.0 = Release|x64
		{A628D14E-8262-4D41-94F9-E4DE7A696E2C}.Release|x86.ActiveCfg = Release|Win32
		{A628D14E-8262-4D41-94F9-E4DE7A696E2C}.Release|x86.Build.0 = Release|Win32
		{77F32184-3BF9-4797-BD85-064E889AD455}.Debug|x64.ActiveCfg = Debug|x64
		{77F32184-3BF9-4797-BD85-064E889AD455}.Debug|x64.Build.0 = Debug|x64
		{77F32184-3BF9-4797-BD85-064E889AD455}.Debug|x86.ActiveCfg = Debug|Win32
		{77F32184-3BF9-4797-BD85-064E889AD455}.Debug|x86.Build.0 = Debug|Win32
		{77F32184-3BF9-4797-BD85-064E889AD455}.Release|x64.ActiveCfg = Release|x64
		{77F32184-3BF9-4797-BD85-064E889AD455}.Release|x64.Build.0 = Release|x64
		{77F32184-3BF9-4797-BD85-064E889AD455}.Release|x86.ActiveCfg = Release|Win32
		{77F32184-3BF9-4797-BD85-064E889AD455}.Release|x86.Build.0 = Release|Win32
		{137DC3FB-EC04-4998-A1FD-F61591808148}.Debug|x64.ActiveCfg = Debug|x64
		{137DC3FB-EC04-4998-A1FD-F61591808148}.Debug|x64.Build.0 = Debug|x64
		{137DC3FB-EC04-4998-A1FD-F61591808148}.Debug|x86.ActiveCfg = Debug|Win32
		{137DC3FB-EC04-4998-A1FD-F61591808148}.Debug|x86.Build.0 = Debug|Win32
		{137DC3FB-EC04-4998-A1FD-F61591808148}.Release|x64.ActiveCfg = Release|x64
		{137DC3FB-EC04-4998-A1FD-F61591808148}.Release|x64.Build.0 = Release|x64
		{137DC3FB-EC04-4998-A1FD-F61591808148}.Release|x86.ActiveCfg = Release|Win32
		{137DC3FB-EC04-4998-A1FD-F61591808148}.Release|x86.Build.0 = Release|Win32
		{81E162FC-45F2-4777-97A4-B4FAD98BEEB9}.Debug|x64.ActiveCfg = Debug|x64
		{81E162FC-45F2-4777-97A4-B4FAD98BEEB9}.Debug|x64.Build.0 = Debug|x64
		{81E162FC-45F2-4777-97A4-B4FAD98BEEB9}.Debug|x86.ActiveCfg = Debug|Win32
		{81E162FC-45F2-4777-97A4-B4FAD98BEEB9}.Debug|x86.Build.0 = Debug|Win32
		{81E162FC-45F2-4777-97A4-B4FAD98BEEB9}.Release|x64.ActiveCfg = Release|x64
		{81E162FC-45F2-4777-97A4-B4FAD98BEEB9}.Release|x64.Build.0 = Release|x64
		{81E162FC-45F2-4777-97A4-B4FAD98BEEB9}.Release|x86.ActiveCfg = Release|Win32
		{81E162FC-45F2-4777-97A4-B4FAD98BEEB9}.Release|x86.Build.0 = Release|Win32
		{481611CC-8DCE-43F8-BA1D-159942828595}.Debug|x64.ActiveCfg = Debug|x64
		{481611CC-8DCE-43F8-BA1D-159942828595}.Debug|x64.Build.0 = Debug|x64
		{481611CC-8DCE-43F8-BA1D-159942828595}.Debug|x86.ActiveCfg = Debug|Win32
		{481611CC-8DCE-43F8-BA1D-159942828595}.Debug|x86.Build.0 = Debug|Win32
		{481611CC-8DCE-43F8-BA1D-159942828595}.Release|x64.ActiveCfg = Release|x64
		{481611CC-8DCE-43F8-BA1D-159942828595}.Release|x64.Build.0 = Release|x64
		{481611CC-8DCE-43F8-BA1D-159942828595}.Release|x86.ActiveCfg = Release|Win32
		{481611CC-8DCE-43F8-BA1D-159942828595}.Release|x86.Build.0 = Release|Win32
		{D2A87C5D-8F68-4F30-9A15-AE4269D87FFE}.Debug|x64.ActiveCfg = Debug|x64
		{D2A87C5D-8F68-4F30-9A15-AE4269D87FFE}.Debug|x64.Build.0 = Debug|x64
		{D2A87C5D-8F68-4F30-9A15-AE4269D87FFE}.Debug|x86.ActiveCfg = Debug|Win32
		{D2A87C5D-8F68-4F30-9A15-AE4269D87FFE}.Debug|x86.Build.0 = Debug|Win32
		{D2A87C5D-8F68-4F30-9A15-AE4269D87FFE}.Release|x64.ActiveCfg = Release|x64
		{D2A87C5D-8F68-4F30-9A15-AE4269D87FFE}.Release|x64.Build.0 = Release|x64
		{D2A87C5D-8F68-4F30-9A15-AE4269D87FFE}.Release|x86.ActiveCfg = Release|Win32
		{D2A87C5D-8F68-4F30-9A15-AE4269D87FFE}.Release|x86.Build.0 = Release|Win32
		{18892F0F-DFFF-498E-873C-439AD97E0BE8}.Debug|x64.ActiveCfg = Debug|x64
		{18892F0F-DFFF-498E-873C-439AD97E0BE8}.Debug|x64.Build.0 = Debug|x64
		{18892F0F-DFFF-498E-873C-439AD97E0BE8}.Debug|x86.ActiveCfg = Debug|Win32
		{18892F0F-DFFF-498E-873C-439AD97E0BE8}.Debug|x86.Build.0 = Debug|Win32
		{18892F0F-DFFF-498E-873C-439AD97E0BE8}.Release|x64.ActiveCfg = Release|x64
		{18892F0F-DFFF-498E-873C-439AD97E0BE8}.Release|x64.Build.0 = Release|x64
		{18892F0F-DFFF-498E-873C-439AD97E0BE8}.Release|x86.ActiveCfg = Release|Win32
		{18892F0F-DFFF-498E-873C-439AD97E0BE8}.Release|x86.Build.0 = Release|Win32
		{224B6748-9AD2-40CF-9D68-A5D3E316B12B}.Debug|x64.ActiveCfg = Debug|x64
		{224B6748-9AD2-40CF-9D68-A5D3E316B12B}.Debug|x64.Build.0 = Debug|x64
		{224B6748-9AD2-40CF-9D68-A5D3E316B12B}.Debug|x86.ActiveCfg = Debug|Win32
		{224B6748-9AD2-40CF-9D68-A5D3E316B12B}.Debug|x86.Build.0 = Debug|Win32
		{224B6748-9AD2-40CF-9D68-A5D3E316B12B}.Release|x64.ActiveCfg = Release|x64
		{224B6748-9AD2-40CF-9D68-A5D3E316B12B}.Release|x64.Build.0 = Release|x64
		{224B6748-9AD2-40CF-9D68-A5D3E316B12B}.Release|x86.ActiveCfg = Release|Win32
		{224B6748-9AD2-40CF-9D68-A5D3E316B12B}.Release|x86.Build.0 = Release|Win32
		{D0FB4B7E-1AF1-4575-BE9F-2F9212945E8A}.Debug|x64.ActiveCfg = Debug|x64
		{D0FB4B7E-1AF1-4575-BE9F-2F9212945E8A}.Debug|x64.Build.0 = Debug|x64
		{D0FB4B7E-1AF1-4575-BE9F-2F9212945E8A}.Debug|x86.ActiveCfg = Debug|Win32
		{D0FB4B7E-1AF1-4575-BE9F-2F9212945E8A}.Debug|x86.Build.0 = Debug|Win32
		{D0FB4B7E-1AF1-4575-BE9F-2F9212945E8A}.Release|x64.ActiveCfg = Release|x64
		{D0FB4B7E-1AF1-4575-BE9F-2F9212945E8A}.Release|x64.Build.0 = Release|x64
		{D0FB4B7E-1AF1-4575-BE9F-2F9212945E8A}.Release|x86.ActiveCfg = Release|Win32
		{D0FB4B7E-1AF1-4575-BE9F-2F9212945E8A}.Release|x86.Build.0 = Release|Win32
		{959110D7-6EA8-42D1-8841-8E45D0357419}.Debug|x64.ActiveCfg = Debug|x64
		{959110D7-6EA8-42D1-8841-8E45D0357419}.Debug|x64.Build.0 = Debug|x64
		{959110D7-6EA8-42D1-8841-8E45D0357419}.Debug|x86.ActiveCfg = Debug|Win32
		{959110D7-6EA8-42D1-8841-8E45D0357419}.Debug|x86.Build.0 = Debug|Win32
		{959110D7-6EA8-42D1-8841-8E45D0357419}.Release|x64.ActiveCfg = Release|x64
		{959110D7-6EA8-42D1-8841-8E45D0357419}.Release|x64.Build.0 = Release|x64
		{959110D7-6EA8-42D1-8841-8E45D0357419}.Release|x86.ActiveCfg = Release|Win32
		{959110D7-6EA8-42D1-8841-8E45D0357419}.Release|x86.Build.0 = Release|Win32
		{AE1C7335-099F-4196-AA5C-8F5E274F834C}.Debug|x64.ActiveCfg = Debug|x64
		{AE1C7335-099F-4196-AA5C-8F5E274F834C}.Debug|x64.Build.0 = Debug|x64
		{AE1C7335-099F-4196-AA5C-8F5E274F834C}.Debug|x86.ActiveCfg = Debug|Win32
		{AE1C7335-099F-4196-AA5C-8F5E274F834C}.Debug|x86.Build.0 = Debug|Win32
		{AE1C7335-099F-4196-AA5C-8F5E274F834C}.Release|x64.ActiveCfg = Release|x64
		{AE1C7335-099F-4196-AA5C-8F5E274F834C}.Release|x64.Build.0 = Release|x64
		{AE1C7335-099F-4196-AA5C-8F5E274F834C}.Release|x86.ActiveCfg = Release|Win32
		{AE1C7335-099F-4196-AA5C-8F5E274F834C}.Release|x86.Build.0 = Release|Win32
		{258A9D24-0451-496E-ADD6-0B96EB111D70}.Debug|x64.ActiveCfg = Debug|x64
		{258A9D24-0451-496E-ADD6-0B96EB111D70}.Debug|x86.ActiveCfg = Debug|Win32
		{258A9D24-0451-496E-ADD6-0B96EB111D70}.Debug|x86.Build.0 = Debug|Win32
		{258A9D24-0451-496E-ADD6-0B96EB111D70}.Release|x64.ActiveCfg = Release|x64
		{258A9D24-0451-496E-ADD6-0B96EB111D70}.Release|x86.ActiveCfg = Release|Win32
		{258A9D24-0451-496E-ADD6-0B96EB111D70}.Release|x86.Build.0 = Release|Win32
		{399CBD2D-346B-4EDE-AEC1-789B230F6175}.Debug|x64.ActiveCfg = Debug|x64
		{399CBD2D-346B-4EDE-AEC1-789B230F6175}.Debug|x86.ActiveCfg = Debug|Win32
		{399CBD2D-346B-4EDE-AEC1-789B230F6175}.Debug|x86.Build.0 = Debug|Win32
		{399CBD2D-346B-4EDE-AEC1-789B230F6175}.Release|x64.ActiveCfg = Release|x64
		{399CBD2D-346B-4EDE-AEC1-789B230F6175}.Release|x86.ActiveCfg = Release|Win32
		{399CBD2D-346B-4EDE-AEC1-789B230F6175}.Release|x86.Build.0 = Release|Win32
		{7FC8FA96-F7CD-42B2-B5C5-867F903C65C8}.Debug|x64.ActiveCfg = Debug|x64
		{7FC8FA96-F7CD-42B2-B5C5-867F903C65C8}.Debug|x64.Build.0 = Debug|x64
		{7FC8FA96-F7CD-42B2-B5C5-867F903C65C8}.Debug|x86.ActiveCfg = Debug|Win32
		{7FC8FA96-F7CD-42B2-B5C5-867F903C65C8}.Debug|x86.Build.0 = Debug|Win32
		{7FC8FA96-F7CD-42B2-B5C5-867F903C65C8}.Release|x64.ActiveCfg = Release|x64
		{7FC8FA96-F7CD-42B2-B5C5-867F903C65C8}.Release|x64.Build.0 = Release|x64
		{7FC8FA96-F7CD-42B2-B5C5-867F903C65C8}.Release|x86.ActiveCfg = Release|Win32
		{7FC8FA96-F7CD-42B2-B5C5-867F903C65C8}.Release|x86.Build.0 = Release|Win32
		{B21C653A-B78A-423F-9D12-F8789CBA4D8A}.Debug|x64.ActiveCfg = Debug|x64
		{B21C653A-B78A-423F-9D12-F8789CBA4D8A}.Debug|x64.Build.0 = Debug|x64
		{B21C653A-B78A-423F-9D12-F8789CBA4D8A}.Debug|x86.ActiveCfg = Debug|Win32
		{B21C653A-B78A-423F-9D12-F8789CBA4D8A}.Debug|x86.Build.0 = Debug|Win32
		{B21C653A-B78A-423F-9D12-F8789CBA4D8A}.Release|x64.ActiveCfg = Release|x64
		{B21C653A-B78A-423F-9D12-F8789CBA4D8A}.Release|x64.Build.0 = Release|x64
		{B21C653A-B78A-423F-9D12-F8789CBA4D8A}.Release|x86.ActiveCfg = Release|Win32
		{B21C653A-B78A-423F-9D12-F8789CBA4D8A}.Release|x86.Build.0 = Release|Win32
		{FC140187-81A0-4883-9805-B00C84799346}.Debug|x64.ActiveCfg = Debug|x64
		{FC140187-81A0-4883-9805-B00C84799346}.Debug|x86.ActiveCfg = Debug|Win32
		{FC140187-81A0-4883-9805-B00C84799346}.Debug|x86.Build.0 = Debug|Win32
		{FC140187-81A0-4883-9805-B00C84799346}.Release|x64.ActiveCfg = Release|x64
		{FC140187-81A0-4883-9805-B00C84799346}.Release|x86.ActiveCfg = Release|Win32
		{FC140187-81A0-4883-9805-B00C84799346}.Release|x86.Build.0 = Release|Win32
		{A8D9F25C-F573-4C1B-AB39-7ACB64F52F04}.Debug|x64.ActiveCfg = Debug|x64
		{A8D9F25C-F573-4C1B-AB39-7ACB64F52F04}.Debug|x64.Build.0 = Debug|x64
		{A8D9F25C-F573-4C1B-AB39-7ACB64F52F04}.Debug|x86.ActiveCfg = Debug|Win32
		{A8D9F25C-F573-4C1B-AB39-7ACB64F52F04}.Debug|x86.Build.0 = Debug|Win32
		{A8D9F25C-F573-4C1B-AB39-7ACB64F52F04}.Release|x64.ActiveCfg = Release|x64
		{A8D9F25C-F573-4C1B-AB39-7ACB64F52F04}.Release|x64.Build.0 = Release|x64
		{A8D9F25C-F573-4C1B-AB39-7ACB64F52F04}.Release|x86.ActiveCfg = Release|Win32
		{A8D9F25C-F573-4C1B-AB39-7ACB64F52F04}.Release|x86.Build.0 = Release|Win32
		{5242C046-9CE3-4E31-9A4B-61775732AD4F}.Debug|x64.ActiveCfg = Debug|x64
		{5242C046-9CE3-4E31-9A4B-61775732AD4F}.Debug|x64.Build.0 = Debug|x64
		{5242C046-9CE3-4E31-9A4B-61775732AD4F}.Debug|x86.ActiveCfg = Debug|Win32
		{5242C046-9CE3-4E31-9A4B-61775732AD4F}.Debug|x86.Build.0 = Debug|Win32
		{5242C046-9CE3-4E31-9A4B-61775732AD4F}.Release|x64.ActiveCfg = Release|x64
		{5242C046-9CE3-4E31-9A4B-61775732AD4F}.Release|x64.Build.0 = Release|x64
		{5242C046-9CE3-4E31-9A4B-61775732AD4F}.Release|x86.ActiveCfg = Release|Win32
		{5242C046-9CE3-4E31-9A4B-61775732AD4F}.Release|x86.Build.0 = Release|Win32
		{FAA7AD30-C9EE-43B3-A2BD-445092AC239E}.Debug|x64.ActiveCfg = Debug|x64
		{FAA7AD30-C9EE-43B3-A2BD-445092AC239E}.Debug|x64.Build.0 = Debug|x64
		{FAA7AD30-C9EE-43B3-A2BD-445092AC239E}.Debug|x86.ActiveCfg = Debug|Win32
		{FAA7AD30-C9EE-43B3-A2BD-445092AC239E}.Debug|x86.Build.0 = Debug|Win32
		{FAA7AD30-C9EE-43B3-A2BD-445092AC239E}.Release|x64.ActiveCfg = Release|x64
		{FAA7AD30-C9EE-43B3-A2BD-445092AC239E}.Release|x64.Build.0 = Release|x64
		{FAA7AD30-C9EE-43B3-A2BD-445092AC239E}.Release|x86.ActiveCfg = Release|Win32
		{FAA7AD30-C9EE-43B3-A2BD-445092AC239E}.Release|x86.Build.0 = Release|Win32
		{7A527A18-D0CC-41DE-BD6A-1981928DF56F}.Debug|x64.ActiveCfg = Debug|x64
		{7A527A18-D0CC-41DE-BD6A-1981928DF56F}.Debug|x64.Build.0 = Debug|x64
		{7A527A18-D0CC-41DE-BD6A-1981928DF56F}.Debug|x86.ActiveCfg = Debug|Win32
		{7A527A18-D0CC-41DE-BD6A-1981928DF56F}.Debug|x86.Build.0 = Debug|Win32
		{7A527A18-D0CC-41DE-BD6A-1981928DF56F}.Release|x64.ActiveCfg = Release|x64
		{7A527A18-D0CC-41DE-BD6A-1981928DF56F}.Release|x64.Build.0 = Release|x64
		{7A527A18-D0CC-41DE-BD6A-1981928DF56F}.Release|x86.ActiveCfg = Release|Win32
		{7A527A18-D0CC-41DE-BD6A-1981928DF56F}.Release|x86.Build.0 = Release|Win32
		{C8309030-1659-4F46-AAA3-581EC9CFFB07}.Debug|x64.ActiveCfg = Debug|x64
		{C8309030-1659-4F46-AAA3-581EC9CFFB07}.Debug|x64.Build.0 = Debug|x64
		{C8309030-1659-4F46-AAA3-581EC9CFFB07}.Debug|x86.ActiveCfg = Debug|Win32
		{C8309030-1659-4F46-AAA3-581EC9CFFB07}.Debug|x86.Build.0 = Debug|Win32
		{C8309030-1659-4F46-AAA3-581EC9CFFB07}.Release|x64.ActiveCfg = Release|x64
		{C8309030-1659-4F46-AAA3-581EC9CFFB07}.Release|x64.Build.0 = Release|x64
		{C8309030-1659-4F46-AAA3-581EC9CFFB07}.Release|x86.ActiveCfg = Release|Win32
		{C8309030-1659-4F46-AAA3-581EC9CFFB07}.Release|x86.Build.0 = Release|Win32
		{0712D1BD-8BAC-49D6-9471-3B949F0DBB9B}.Debug|x64.ActiveCfg = Debug|x64
		{0712D1BD-8BAC-49D6-9471-3B949F0DBB9B}.Debug|x64.Build.0 = Debug|x64
		{0712D1BD-8BAC-49D6-9471-3B949F0DBB9B}.Debug|x86.ActiveCfg = Debug|Win32
		{0712D1BD-8BAC-49D6-9471-3B949F0DBB9B}.Debug|x86.Build.0 = Debug|Win32
		{0712D1BD-8BAC-49D6-9471-3B949F0DBB9B}.Release|x64.ActiveCfg = Release|x64
		{0712D1BD-8BAC-49D6-9471-3B949F0DBB9B}.Release|x64.Build.0 = Release|x64
		{0712D1BD-8BAC-49D6-9471-3B949F0DBB9B}.Release|x86.ActiveCfg = Release|Win32
		{0712D1BD-8BAC-49D6-9471-3B949F0DBB9B}.Release|x86.Build.0 = Release|Win32
		{68F0B2D5-DEA7-4E51-9D1F-53D60963C57E}.Debug|x64.ActiveCfg = Debug|x64
		{68F0B2D5-DEA7-4E51-9D1F-53D60963C57E}.Debug|x64.Build.0 = Debug|x64
		{68F0B2D5-DEA7-4E51-9D1F-53D60963C57E}.Debug|x86.ActiveCfg = Debug|Win32
		{68F0B2D5-DEA7-4E51-9D1F-53D60963C57E}.Debug|x86.Build.0 = Debug|Win32
		{68F0B2D5-DEA7-4E51-9D1F-53D60963C57E}.Release|x64.ActiveCfg = Release|x64
		{68F0B2D5-DEA7-4E51-9D1F-53D60963C57E}.Release|x64.Build.0 = Release|x64
		{68F0B2D5-DEA7-4E51-9D1F-53D60963C57E}.Release|x86.ActiveCfg = Release|Win32
		{68F0B2D5-DEA7-4E51-9D1F-53D60963C57E}.Release|x86.Build.0 = Release|Win32
		{81B98554-2C29-4C04-BFF4-CE179F213CB6}.Debug|x64.ActiveCfg = Debug|x64
		{81B98554-2C29-4C04-BFF4-CE179F213CB6}.Debug|x64.Build.0 = Debug|x64
		{81B98554-2C29-4C04-BFF4-CE179F213CB6}.Debug|x86.ActiveCfg = Debug|Win32
		{81B98554-2C29-4C04-BFF4-CE179F213CB6}.Debug|x86.Build.0 = Debug|Win32
		{81B98554-2C29-4C04-BFF4-CE179F213CB6}.Release|x64.ActiveCfg = Release|x64
		{81B98554-2C29-4C04-BFF4-CE179F213CB6}.Release|x64.Build.0 = Release|x64
		{81B98554-2C29-4C04-BFF4-CE179F213CB6}.Release|x86.ActiveCfg = Release|Win32
		{81B98554-2C29-4C04-BFF4-CE179F213CB6}.Release|x86.Build.0 = Release|Win32
		{665ED1F2-B929-4A7A-B438-D5C23874F7D3}.Debug|x64.ActiveCfg = Debug|x64
		{665ED1F2-B929-4A7A-B438-D5C23874F7D3}.Debug|x64.Build.0 = Debug|x64
		{665ED1F2-B929-4A7A-B438-D5C23874F7D3}.Debug|x86.ActiveCfg = Debug|Win32
		{665ED1F2-B929-4A7A-B438-D5C23874F7D3}.Debug|x86.Build.0 = Debug|Win32
		{665ED1F2-B929-4A7A-B438-D5C23874F7D3}.Release|x64.ActiveCfg = Release|x64
		{665ED1F2-B929-4A7A-B438-D5C23874F7D3}.Release|x64.Build.0 = Release|x64
		{665ED1F2-B929-4A7A-B438-D5C23874F7D3}.Release|x86.ActiveCfg = Release|Win32
		{665ED1F2-B929-4A7A-B438-D5C23874F7D3}.Release|x86.Build.0 = Release|Win32
		{600CF11C-28CD-4093-A1D1-922286A1589F}.Debug|x64.ActiveCfg = Debug|x64
		{600CF11C-28CD-4093-A1D1-922286A1589F}.Debug|x64.Build.0 = Debug|x64
		{600CF11C-28CD-4093-A1D1-922286A1589F}.Debug|x86.ActiveCfg = Debug|Win32
		{600CF11C-28CD-4093-A1D1-922286A1589F}.Debug|x86.Build.0 = Debug|Win32
		{600CF11C-28CD-4093-A1D1-922286A1589F}.Release|x64.ActiveCfg = Release|x64
		{600CF11C-28CD-4093-A1D1-922286A1589F}.Release|x86.ActiveCfg = Release|Win32
		{600CF11C-28CD-4093-A1D1-922286A1589F}.Release|x86.Build.0 = Release|Win32
		{2A439AC1-217F-4670-B8C9-2C3562073D63}.Debug|x64.ActiveCfg = Debug|x64
		{2A439AC1-217F-4670-B8C9-2C3562073D63}.Debug|x64.Build.0 = Debug|x64
		{2A439AC1-217F-4670-B8C9-2C3562073D63}.Debug|x86.ActiveCfg = Debug|Win32
		{2A439AC1-217F-4670-B8C9-2C3562073D63}.Debug|x86.Build.0 = Debug|Win32
		{2A439AC1-217F-4670-B8C9-2C3562073D63}.Release|x64.ActiveCfg = Release|x64
		{2A439AC1-217F-4670-B8C9-2C3562073D63}.Release|x86.ActiveCfg = Release|Win32
		{2A439AC1-217F-4670-B8C9-2C3562073D63}.Release|x86.Build.0 = Release|Win32
		{F3368472-8D0E-4D6E-90EC-39EABB52BC20}.Debug|x64.ActiveCfg = Debug|x64
		{F3368472-8D0E-4D6E-90EC-39EABB52BC20}.Debug|x64.Build.0 = Debug|x64
		{F3368472-8D0E-4D6E-90EC-39EABB52BC20}.Debug|x86.ActiveCfg = Debug|Win32
		{F3368472-8D0E-4D6E-90EC-39EABB52BC20}.Debug|x86.Build.0 = Debug|Win32
		{F3368472-8D0E-4D6E-90EC-39EABB52BC20}.Release|x64.ActiveCfg = Release|x64
		{F3368472-8D0E-4D6E-90EC-39EABB52BC20}.Release|x64.Build.0 = Release|x64
		{F3368472-8D0E-4D6E-90EC-39EABB52BC20}.Release|x86.ActiveCfg = Release|Win32
		{F3368472-8D0E-4D6E-90EC-39EABB52BC20}.Release|x86.Build.0 = Release|Win32
	EndGlobalSection
	GlobalSection(SolutionProperties) = preSolution
		HideSolutionNode = FALSE
	EndGlobalSection
	GlobalSection(NestedProjects) = preSolution
		{2FFA793E-16BE-419E-9C5F-4C06531193FA} = {0955FCE6-D2F0-4D79-B2CB-A94C784BE460}
		{30DD1FCB-ADD2-4C39-B346-D5C70B9D8FDF} = {0955FCE6-D2F0-4D79-B2CB-A94C784BE460}
		{4E53A788-235F-4B77-96AF-C8BCAD9D0DFA} = {2FFA793E-16BE-419E-9C5F-4C06531193FA}
		{A628D14E-8262-4D41-94F9-E4DE7A696E2C} = {2FFA793E-16BE-419E-9C5F-4C06531193FA}
		{77F32184-3BF9-4797-BD85-064E889AD455} = {2FFA793E-16BE-419E-9C5F-4C06531193FA}
		{137DC3FB-EC04-4998-A1FD-F61591808148} = {2FFA793E-16BE-419E-9C5F-4C06531193FA}
		{81E162FC-45F2-4777-97A4-B4FAD98BEEB9} = {2FFA793E-16BE-419E-9C5F-4C06531193FA}
		{481611CC-8DCE-43F8-BA1D-159942828595} = {2FFA793E-16BE-419E-9C5F-4C06531193FA}
		{D2A87C5D-8F68-4F30-9A15-AE4269D87FFE} = {2FFA793E-16BE-419E-9C5F-4C06531193FA}
		{18892F0F-DFFF-498E-873C-439AD97E0BE8} = {30DD1FCB-ADD2-4C39-B346-D5C70B9D8FDF}
		{224B6748-9AD2-40CF-9D68-A5D3E316B12B} = {30DD1FCB-ADD2-4C39-B346-D5C70B9D8FDF}
		{D0FB4B7E-1AF1-4575-BE9F-2F9212945E8A} = {30DD1FCB-ADD2-4C39-B346-D5C70B9D8FDF}
		{959110D7-6EA8-42D1-8841-8E45D0357419} = {30DD1FCB-ADD2-4C39-B346-D5C70B9D8FDF}
		{AE1C7335-099F-4196-AA5C-8F5E274F834C} = {30DD1FCB-ADD2-4C39-B346-D5C70B9D8FDF}
		{F6E7DD95-BFB5-4A12-859A-C73E1D35CEB0} = {4C75ADED-5F35-44AD-8A1E-8CBBBCDD75E6}
		{1C5CEA73-B843-4020-A067-BCEDE5AFABD0} = {4C75ADED-5F35-44AD-8A1E-8CBBBCDD75E6}
		{E63EC186-1AF1-4CF3-995A-474310F6F968} = {4C75ADED-5F35-44AD-8A1E-8CBBBCDD75E6}
		{258A9D24-0451-496E-ADD6-0B96EB111D70} = {1C5CEA73-B843-4020-A067-BCEDE5AFABD0}
		{399CBD2D-346B-4EDE-AEC1-789B230F6175} = {1C5CEA73-B843-4020-A067-BCEDE5AFABD0}
		{7FC8FA96-F7CD-42B2-B5C5-867F903C65C8} = {1C5CEA73-B843-4020-A067-BCEDE5AFABD0}
		{B21C653A-B78A-423F-9D12-F8789CBA4D8A} = {1C5CEA73-B843-4020-A067-BCEDE5AFABD0}
		{FC140187-81A0-4883-9805-B00C84799346} = {1C5CEA73-B843-4020-A067-BCEDE5AFABD0}
		{A8D9F25C-F573-4C1B-AB39-7ACB64F52F04} = {1C5CEA73-B843-4020-A067-BCEDE5AFABD0}
		{5242C046-9CE3-4E31-9A4B-61775732AD4F} = {F6E7DD95-BFB5-4A12-859A-C73E1D35CEB0}
		{FAA7AD30-C9EE-43B3-A2BD-445092AC239E} = {F6E7DD95-BFB5-4A12-859A-C73E1D35CEB0}
		{7A527A18-D0CC-41DE-BD6A-1981928DF56F} = {F6E7DD95-BFB5-4A12-859A-C73E1D35CEB0}
		{C8309030-1659-4F46-AAA3-581EC9CFFB07} = {F6E7DD95-BFB5-4A12-859A-C73E1D35CEB0}
		{0712D1BD-8BAC-49D6-9471-3B949F0DBB9B} = {F6E7DD95-BFB5-4A12-859A-C73E1D35CEB0}
		{68F0B2D5-DEA7-4E51-9D1F-53D60963C57E} = {F6E7DD95-BFB5-4A12-859A-C73E1D35CEB0}
		{81B98554-2C29-4C04-BFF4-CE179F213CB6} = {E63EC186-1AF1-4CF3-995A-474310F6F968}
		{665ED1F2-B929-4A7A-B438-D5C23874F7D3} = {E63EC186-1AF1-4CF3-995A-474310F6F968}
		{600CF11C-28CD-4093-A1D1-922286A1589F} = {E63EC186-1AF1-4CF3-995A-474310F6F968}
		{2A439AC1-217F-4670-B8C9-2C3562073D63} = {E63EC186-1AF1-4CF3-995A-474310F6F968}
		{F3368472-8D0E-4D6E-90EC-39EABB52BC20} = {E63EC186-1AF1-4CF3-995A-474310F6F968}
	EndGlobalSection
	GlobalSection(ExtensibilityGlobals) = postSolution
		SolutionGuid = {15B86631-E828-4BD2-BC2A-FCE1DDF212F3}
	EndGlobalSection
EndGlobal
